
Microsoft Visual Studio Solution File, Format Version 12.00
# Visual Studio 2013
VisualStudioVersion = 12.0.21005.1
MinimumVisualStudioVersion = 10.0.40219.1
Project("{F184B08F-C81C-45F6-A57F-5ABD9991F28F}") = "Name and Address", "Name and Address\Name and Address.vbproj", "{8853DFF6-2E32-4CAB-81B6-FEFE396056C2}"
EndProject
Global
	GlobalSection(SolutionConfigurationPlatforms) = preSolution
		Debug|Any CPU = Debug|Any CPU
		Release|Any CPU = Release|Any CPU
	EndGlobalSection
	GlobalSection(ProjectConfigurationPlatforms) = postSolution
		{8853DFF6-2E32-4CAB-81B6-FEFE396056C2}.Debug|Any CPU.ActiveCfg = Debug|Any CPU
		{8853DFF6-2E32-4CAB-81B6-FEFE396056C2}.Debug|Any CPU.Build.0 = Debug|Any CPU
		{8853DFF6-2E32-4CAB-81B6-FEFE396056C2}.Release|Any CPU.ActiveCfg = Release|Any CPU
		{8853DFF6-2E32-4CAB-81B6-FEFE396056C2}.Release|Any CPU.Build.0 = Release|Any CPU
	EndGlobalSection
	GlobalSection(SolutionProperties) = preSolution
		HideSolutionNode = FALSE
	EndGlobalSection
EndGlobal
